// !$*UTF8*$!
{
	archiveVersion = 1;
	classes = {
	};
	objectVersion = 46;
	objects = {

/* Begin PBXBuildFile section */
		A91A2AD61923E388000AA5C1 /* Foundation.framework in Frameworks */ = {isa = PBXBuildFile; fileRef = A91A2AD51923E388000AA5C1 /* Foundation.framework */; };
		A91A2AD81923E388000AA5C1 /* CoreGraphics.framework in Frameworks */ = {isa = PBXBuildFile; fileRef = A91A2AD71923E388000AA5C1 /* CoreGraphics.framework */; };
		A91A2ADA1923E388000AA5C1 /* UIKit.framework in Frameworks */ = {isa = PBXBuildFile; fileRef = A91A2AD91923E388000AA5C1 /* UIKit.framework */; };
		A91A2AE01923E388000AA5C1 /* InfoPlist.strings in Resources */ = {isa = PBXBuildFile; fileRef = A91A2ADE1923E388000AA5C1 /* InfoPlist.strings */; };
		A91A2AE21923E388000AA5C1 /* main.m in Sources */ = {isa = PBXBuildFile; fileRef = A91A2AE11923E388000AA5C1 /* main.m */; };
		A91A2AE61923E388000AA5C1 /* TTTAppDelegate.m in Sources */ = {isa = PBXBuildFile; fileRef = A91A2AE51923E388000AA5C1 /* TTTAppDelegate.m */; };
		A91A2AE91923E389000AA5C1 /* Main.storyboard in Resources */ = {isa = PBXBuildFile; fileRef = A91A2AE71923E389000AA5C1 /* Main.storyboard */; };
		A91A2AEC1923E389000AA5C1 /* TTTViewController.m in Sources */ = {isa = PBXBuildFile; fileRef = A91A2AEB1923E389000AA5C1 /* TTTViewController.m */; };
		A91A2AEE1923E389000AA5C1 /* Images.xcassets in Resources */ = {isa = PBXBuildFile; fileRef = A91A2AED1923E389000AA5C1 /* Images.xcassets */; };
		A91A2AF51923E389000AA5C1 /* XCTest.framework in Frameworks */ = {isa = PBXBuildFile; fileRef = A91A2AF41923E389000AA5C1 /* XCTest.framework */; };
		A91A2AF61923E389000AA5C1 /* Foundation.framework in Frameworks */ = {isa = PBXBuildFile; fileRef = A91A2AD51923E388000AA5C1 /* Foundation.framework */; };
		A91A2AF71923E389000AA5C1 /* UIKit.framework in Frameworks */ = {isa = PBXBuildFile; fileRef = A91A2AD91923E388000AA5C1 /* UIKit.framework */; };
		A91A2AFF1923E389000AA5C1 /* InfoPlist.strings in Resources */ = {isa = PBXBuildFile; fileRef = A91A2AFD1923E389000AA5C1 /* InfoPlist.strings */; };
		A91A2B011923E389000AA5C1 /* TicTacToeTests.m in Sources */ = {isa = PBXBuildFile; fileRef = A91A2B001923E389000AA5C1 /* TicTacToeTests.m */; };
/* End PBXBuildFile section */

/* Begin PBXContainerItemProxy section */
		A91A2AF81923E389000AA5C1 /* PBXContainerItemProxy */ = {
			isa = PBXContainerItemProxy;
			containerPortal = A91A2ACA1923E388000AA5C1 /* Project object */;
			proxyType = 1;
			remoteGlobalIDString = A91A2AD11923E388000AA5C1;
			remoteInfo = TicTacToe;
		};
/* End PBXContainerItemProxy section */

/* Begin PBXFileReference section */
		A91A2AD21923E388000AA5C1 /* TicTacToe.app */ = {isa = PBXFileReference; explicitFileType = wrapper.application; includeInIndex = 0; path = TicTacToe.app; sourceTree = BUILT_PRODUCTS_DIR; };
		A91A2AD51923E388000AA5C1 /* Foundation.framework */ = {isa = PBXFileReference; lastKnownFileType = wrapper.framework; name = Foundation.framework; path = System/Library/Frameworks/Foundation.framework; sourceTree = SDKROOT; };
		A91A2AD71923E388000AA5C1 /* CoreGraphics.framework */ = {isa = PBXFileReference; lastKnownFileType = wrapper.framework; name = CoreGraphics.framework; path = System/Library/Frameworks/CoreGraphics.framework; sourceTree = SDKROOT; };
		A91A2AD91923E388000AA5C1 /* UIKit.framework */ = {isa = PBXFileReference; lastKnownFileType = wrapper.framework; name = UIKit.framework; path = System/Library/Frameworks/UIKit.framework; sourceTree = SDKROOT; };
		A91A2ADD1923E388000AA5C1 /* TicTacToe-Info.plist */ = {isa = PBXFileReference; lastKnownFileType = text.plist.xml; path = "TicTacToe-Info.plist"; sourceTree = "<group>"; };
		A91A2ADF1923E388000AA5C1 /* en */ = {isa = PBXFileReference; lastKnownFileType = text.plist.strings; name = en; path = en.lproj/InfoPlist.strings; sourceTree = "<group>"; };
		A91A2AE11923E388000AA5C1 /* main.m */ = {isa = PBXFileReference; lastKnownFileType = sourcecode.c.objc; path = main.m; sourceTree = "<group>"; };
		A91A2AE31923E388000AA5C1 /* TicTacToe-Prefix.pch */ = {isa = PBXFileReference; lastKnownFileType = sourcecode.c.h; path = "TicTacToe-Prefix.pch"; sourceTree = "<group>"; };
		A91A2AE41923E388000AA5C1 /* TTTAppDelegate.h */ = {isa = PBXFileReference; lastKnownFileType = sourcecode.c.h; path = TTTAppDelegate.h; sourceTree = "<group>"; };
		A91A2AE51923E388000AA5C1 /* TTTAppDelegate.m */ = {isa = PBXFileReference; lastKnownFileType = sourcecode.c.objc; path = TTTAppDelegate.m; sourceTree = "<group>"; };
		A91A2AE81923E389000AA5C1 /* Base */ = {isa = PBXFileReference; lastKnownFileType = file.storyboard; name = Base; path = Base.lproj/Main.storyboard; sourceTree = "<group>"; };
		A91A2AEA1923E389000AA5C1 /* TTTViewController.h */ = {isa = PBXFileReference; lastKnownFileType = sourcecode.c.h; path = TTTViewController.h; sourceTree = "<group>"; };
		A91A2AEB1923E389000AA5C1 /* TTTViewController.m */ = {isa = PBXFileReference; lastKnownFileType = sourcecode.c.objc; path = TTTViewController.m; sourceTree = "<group>"; };
		A91A2AED1923E389000AA5C1 /* Images.xcassets */ = {isa = PBXFileReference; lastKnownFileType = folder.assetcatalog; path = Images.xcassets; sourceTree = "<group>"; };
		A91A2AF31923E389000AA5C1 /* TicTacToeTests.xctest */ = {isa = PBXFileReference; explicitFileType = wrapper.cfbundle; includeInIndex = 0; path = TicTacToeTests.xctest; sourceTree = BUILT_PRODUCTS_DIR; };
		A91A2AF41923E389000AA5C1 /* XCTest.framework */ = {isa = PBXFileReference; lastKnownFileType = wrapper.framework; name = XCTest.framework; path = Library/Frameworks/XCTest.framework; sourceTree = DEVELOPER_DIR; };
		A91A2AFC1923E389000AA5C1 /* TicTacToeTests-Info.plist */ = {isa = PBXFileReference; lastKnownFileType = text.plist.xml; path = "TicTacToeTests-Info.plist"; sourceTree = "<group>"; };
		A91A2AFE1923E389000AA5C1 /* en */ = {isa = PBXFileReference; lastKnownFileType = text.plist.strings; name = en; path = en.lproj/InfoPlist.strings; sourceTree = "<group>"; };
		A91A2B001923E389000AA5C1 /* TicTacToeTests.m */ = {isa = PBXFileReference; lastKnownFileType = sourcecode.c.objc; path = TicTacToeTests.m; sourceTree = "<group>"; };
/* End PBXFileReference section */

/* Begin PBXFrameworksBuildPhase section */
		A91A2ACF1923E388000AA5C1 /* Frameworks */ = {
			isa = PBXFrameworksBuildPhase;
			buildActionMask = 2147483647;
			files = (
				A91A2AD81923E388000AA5C1 /* CoreGraphics.framework in Frameworks */,
				A91A2ADA1923E388000AA5C1 /* UIKit.framework in Frameworks */,
				A91A2AD61923E388000AA5C1 /* Foundation.framework in Frameworks */,
			);
			runOnlyForDeploymentPostprocessing = 0;
		};
		A91A2AF01923E389000AA5C1 /* Frameworks */ = {
			isa = PBXFrameworksBuildPhase;
			buildActionMask = 2147483647;
			files = (
				A91A2AF51923E389000AA5C1 /* XCTest.framework in Frameworks */,
				A91A2AF71923E389000AA5C1 /* UIKit.framework in Frameworks */,
				A91A2AF61923E389000AA5C1 /* Foundation.framework in Frameworks */,
			);
			runOnlyForDeploymentPostprocessing = 0;
		};
/* End PBXFrameworksBuildPhase section */

/* Begin PBXGroup section */
		A91A2AC91923E388000AA5C1 = {
			isa = PBXGroup;
			children = (
				A91A2ADB1923E388000AA5C1 /* TicTacToe */,
				A91A2AFA1923E389000AA5C1 /* TicTacToeTests */,
				A91A2AD41923E388000AA5C1 /* Frameworks */,
				A91A2AD31923E388000AA5C1 /* Products */,
			);
			sourceTree = "<group>";
		};
		A91A2AD31923E388000AA5C1 /* Products */ = {
			isa = PBXGroup;
			children = (
				A91A2AD21923E388000AA5C1 /* TicTacToe.app */,
				A91A2AF31923E389000AA5C1 /* TicTacToeTests.xctest */,
			);
			name = Products;
			sourceTree = "<group>";
		};
		A91A2AD41923E388000AA5C1 /* Frameworks */ = {
			isa = PBXGroup;
			children = (
				A91A2AD51923E388000AA5C1 /* Foundation.framework */,
				A91A2AD71923E388000AA5C1 /* CoreGraphics.framework */,
				A91A2AD91923E388000AA5C1 /* UIKit.framework */,
				A91A2AF41923E389000AA5C1 /* XCTest.framework */,
			);
			name = Frameworks;
			sourceTree = "<group>";
		};
		A91A2ADB1923E388000AA5C1 /* TicTacToe */ = {
			isa = PBXGroup;
			children = (
				A91A2AE41923E388000AA5C1 /* TTTAppDelegate.h */,
				A91A2AE51923E388000AA5C1 /* TTTAppDelegate.m */,
				A91A2AE71923E389000AA5C1 /* Main.storyboard */,
				A91A2AEA1923E389000AA5C1 /* TTTViewController.h */,
				A91A2AEB1923E389000AA5C1 /* TTTViewController.m */,
				A91A2AED1923E389000AA5C1 /* Images.xcassets */,
				A91A2ADC1923E388000AA5C1 /* Supporting Files */,
			);
			path = TicTacToe;
			sourceTree = "<group>";
		};
		A91A2ADC1923E388000AA5C1 /* Supporting Files */ = {
			isa = PBXGroup;
			children = (
				A91A2ADD1923E388000AA5C1 /* TicTacToe-Info.plist */,
				A91A2ADE1923E388000AA5C1 /* InfoPlist.strings */,
				A91A2AE11923E388000AA5C1 /* main.m */,
				A91A2AE31923E388000AA5C1 /* TicTacToe-Prefix.pch */,
			);
			name = "Supporting Files";
			sourceTree = "<group>";
		};
		A91A2AFA1923E389000AA5C1 /* TicTacToeTests */ = {
			isa = PBXGroup;
			children = (
				A91A2B001923E389000AA5C1 /* TicTacToeTests.m */,
				A91A2AFB1923E389000AA5C1 /* Supporting Files */,
			);
			path = TicTacToeTests;
			sourceTree = "<group>";
		};
		A91A2AFB1923E389000AA5C1 /* Supporting Files */ = {
			isa = PBXGroup;
			children = (
				A91A2AFC1923E389000AA5C1 /* TicTacToeTests-Info.plist */,
				A91A2AFD1923E389000AA5C1 /* InfoPlist.strings */,
			);
			name = "Supporting Files";
			sourceTree = "<group>";
		};
/* End PBXGroup section */

/* Begin PBXNativeTarget section */
		A91A2AD11923E388000AA5C1 /* TicTacToe */ = {
			isa = PBXNativeTarget;
			buildConfigurationList = A91A2B041923E389000AA5C1 /* Build configuration list for PBXNativeTarget "TicTacToe" */;
			buildPhases = (
				A91A2ACE1923E388000AA5C1 /* Sources */,
				A91A2ACF1923E388000AA5C1 /* Frameworks */,
				A91A2AD01923E388000AA5C1 /* Resources */,
			);
			buildRules = (
			);
			dependencies = (
			);
			name = TicTacToe;
			productName = TicTacToe;
			productReference = A91A2AD21923E388000AA5C1 /* TicTacToe.app */;
			productType = "com.apple.product-type.application";
		};
		A91A2AF21923E389000AA5C1 /* TicTacToeTests */ = {
			isa = PBXNativeTarget;
			buildConfigurationList = A91A2B071923E389000AA5C1 /* Build configuration list for PBXNativeTarget "TicTacToeTests" */;
			buildPhases = (
				A91A2AEF1923E389000AA5C1 /* Sources */,
				A91A2AF01923E389000AA5C1 /* Frameworks */,
				A91A2AF11923E389000AA5C1 /* Resources */,
			);
			buildRules = (
			);
			dependencies = (
				A91A2AF91923E389000AA5C1 /* PBXTargetDependency */,
			);
			name = TicTacToeTests;
			productName = TicTacToeTests;
			productReference = A91A2AF31923E389000AA5C1 /* TicTacToeTests.xctest */;
			productType = "com.apple.product-type.bundle.unit-test";
		};
/* End PBXNativeTarget section */

/* Begin PBXProject section */
		A91A2ACA1923E388000AA5C1 /* Project object */ = {
			isa = PBXProject;
			attributes = {
				CLASSPREFIX = TTT;
				LastUpgradeCheck = 0510;
				ORGANIZATIONNAME = "Taps and Swipes";
				TargetAttributes = {
					A91A2AF21923E389000AA5C1 = {
						TestTargetID = A91A2AD11923E388000AA5C1;
					};
				};
			};
			buildConfigurationList = A91A2ACD1923E388000AA5C1 /* Build configuration list for PBXProject "TicTacToe" */;
			compatibilityVersion = "Xcode 3.2";
			developmentRegion = English;
			hasScannedForEncodings = 0;
			knownRegions = (
				en,
				Base,
			);
			mainGroup = A91A2AC91923E388000AA5C1;
			productRefGroup = A91A2AD31923E388000AA5C1 /* Products */;
			projectDirPath = "";
			projectRoot = "";
			targets = (
				A91A2AD11923E388000AA5C1 /* TicTacToe */,
				A91A2AF21923E389000AA5C1 /* TicTacToeTests */,
			);
		};
/* End PBXProject section */

/* Begin PBXResourcesBuildPhase section */
		A91A2AD01923E388000AA5C1 /* Resources */ = {
			isa = PBXResourcesBuildPhase;
			buildActionMask = 2147483647;
			files = (
				A91A2AEE1923E389000AA5C1 /* Images.xcassets in Resources */,
				A91A2AE01923E388000AA5C1 /* InfoPlist.strings in Resources */,
				A91A2AE91923E389000AA5C1 /* Main.storyboard in Resources */,
			);
			runOnlyForDeploymentPostprocessing = 0;
		};
		A91A2AF11923E389000AA5C1 /* Resources */ = {
			isa = PBXResourcesBuildPhase;
			buildActionMask = 2147483647;
			files = (
				A91A2AFF1923E389000AA5C1 /* InfoPlist.strings in Resources */,
			);
			runOnlyForDeploymentPostprocessing = 0;
		};
/* End PBXResourcesBuildPhase section */

/* Begin PBXSourcesBuildPhase section */
		A91A2ACE1923E388000AA5C1 /* Sources */ = {
			isa = PBXSourcesBuildPhase;
			buildActionMask = 2147483647;
			files = (
				A91A2AEC1923E389000AA5C1 /* TTTViewController.m in Sources */,
				A91A2AE21923E388000AA5C1 /* main.m in Sources */,
				A91A2AE61923E388000AA5C1 /* TTTAppDelegate.m in Sources */,
			);
			runOnlyForDeploymentPostprocessing = 0;
		};
		A91A2AEF1923E389000AA5C1 /* Sources */ = {
			isa = PBXSourcesBuildPhase;
			buildActionMask = 2147483647;
			files = (
				A91A2B011923E389000AA5C1 /* TicTacToeTests.m in Sources */,
			);
			runOnlyForDeploymentPostprocessing = 0;
		};
/* End PBXSourcesBuildPhase section */

/* Begin PBXTargetDependency section */
		A91A2AF91923E389000AA5C1 /* PBXTargetDependency */ = {
			isa = PBXTargetDependency;
			target = A91A2AD11923E388000AA5C1 /* TicTacToe */;
			targetProxy = A91A2AF81923E389000AA5C1 /* PBXContainerItemProxy */;
		};
/* End PBXTargetDependency section */

/* Begin PBXVariantGroup section */
		A91A2ADE1923E388000AA5C1 /* InfoPlist.strings */ = {
			isa = PBXVariantGroup;
			children = (
				A91A2ADF1923E388000AA5C1 /* en */,
			);
			name = InfoPlist.strings;
			sourceTree = "<group>";
		};
		A91A2AE71923E389000AA5C1 /* Main.storyboard */ = {
			isa = PBXVariantGroup;
			children = (
				A91A2AE81923E389000AA5C1 /* Base */,
			);
			name = Main.storyboard;
			sourceTree = "<group>";
		};
		A91A2AFD1923E389000AA5C1 /* InfoPlist.strings */ = {
			isa = PBXVariantGroup;
			children = (
				A91A2AFE1923E389000AA5C1 /* en */,
			);
			name = InfoPlist.strings;
			sourceTree = "<group>";
		};
/* End PBXVariantGroup section */

/* Begin XCBuildConfiguration section */
		A91A2B021923E389000AA5C1 /* Debug */ = {
			isa = XCBuildConfiguration;
			buildSettings = {
				ALWAYS_SEARCH_USER_PATHS = NO;
				CLANG_CXX_LANGUAGE_STANDARD = "gnu++0x";
				CLANG_CXX_LIBRARY = "libc++";
				CLANG_ENABLE_MODULES = YES;
				CLANG_ENABLE_OBJC_ARC = YES;
				CLANG_WARN_BOOL_CONVERSION = YES;
				CLANG_WARN_CONSTANT_CONVERSION = YES;
				CLANG_WARN_DIRECT_OBJC_ISA_USAGE = YES_ERROR;
				CLANG_WARN_EMPTY_BODY = YES;
				CLANG_WARN_ENUM_CONVERSION = YES;
				CLANG_WARN_INT_CONVERSION = YES;
				CLANG_WARN_OBJC_ROOT_CLASS = YES_ERROR;
				CLANG_WARN__DUPLICATE_METHOD_MATCH = YES;
				"CODE_SIGN_IDENTITY[sdk=iphoneos*]" = "iPhone Developer";
				COPY_PHASE_STRIP = NO;
				GCC_C_LANGUAGE_STANDARD = gnu99;
				GCC_DYNAMIC_NO_PIC = NO;
				GCC_OPTIMIZATION_LEVEL = 0;
				GCC_PREPROCESSOR_DEFINITIONS = (
					"DEBUG=1",
					"$(inherited)",
				);
				GCC_SYMBOLS_PRIVATE_EXTERN = NO;
				GCC_WARN_64_TO_32_BIT_CONVERSION = YES;
				GCC_WARN_ABOUT_RETURN_TYPE = YES_ERROR;
				GCC_WARN_UNDECLARED_SELECTOR = YES;
				GCC_WARN_UNINITIALIZED_AUTOS = YES_AGGRESSIVE;
				GCC_WARN_UNUSED_FUNCTION = YES;
				GCC_WARN_UNUSED_VARIABLE = YES;
				IPHONEOS_DEPLOYMENT_TARGET = 7.1;
				ONLY_ACTIVE_ARCH = YES;
				SDKROOT = iphoneos;
			};
			name = Debug;
		};
		A91A2B031923E389000AA5C1 /* Release */ = {
			isa = XCBuildConfiguration;
			buildSettings = {
				ALWAYS_SEARCH_USER_PATHS = NO;
				CLANG_CXX_LANGUAGE_STANDARD = "gnu++0x";
				CLANG_CXX_LIBRARY = "libc++";
				CLANG_ENABLE_MODULES = YES;
				CLANG_ENABLE_OBJC_ARC = YES;
				CLANG_WARN_BOOL_CONVERSION = YES;
				CLANG_WARN_CONSTANT_CONVERSION = YES;
				CLANG_WARN_DIRECT_OBJC_ISA_USAGE = YES_ERROR;
				CLANG_WARN_EMPTY_BODY = YES;
				CLANG_WARN_ENUM_CONVERSION = YES;
				CLANG_WARN_INT_CONVERSION = YES;
				CLANG_WARN_OBJC_ROOT_CLASS = YES_ERROR;
				CLANG_WARN__DUPLICATE_METHOD_MATCH = YES;
				"CODE_SIGN_IDENTITY[sdk=iphoneos*]" = "iPhone Developer";
				COPY_PHASE_STRIP = YES;
				ENABLE_NS_ASSERTIONS = NO;
				GCC_C_LANGUAGE_STANDARD = gnu99;
				GCC_WARN_64_TO_32_BIT_CONVERSION = YES;
				GCC_WARN_ABOUT_RETURN_TYPE = YES_ERROR;
				GCC_WARN_UNDECLARED_SELECTOR = YES;
				GCC_WARN_UNINITIALIZED_AUTOS = YES_AGGRESSIVE;
				GCC_WARN_UNUSED_FUNCTION = YES;
				GCC_WARN_UNUSED_VARIABLE = YES;
				IPHONEOS_DEPLOYMENT_TARGET = 7.1;
				SDKROOT = iphoneos;
				VALIDATE_PRODUCT = YES;
			};
			name = Release;
		};
		A91A2B051923E389000AA5C1 /* Debug */ = {
			isa = XCBuildConfiguration;
			buildSettings = {
				ASSETCATALOG_COMPILER_APPICON_NAME = AppIcon;
				ASSETCATALOG_COMPILER_LAUNCHIMAGE_NAME = LaunchImage;
				GCC_PRECOMPILE_PREFIX_HEADER = YES;
				GCC_PREFIX_HEADER = "TicTacToe/TicTacToe-Prefix.pch";
				INFOPLIST_FILE = "TicTacToe/TicTacToe-Info.plist";
				PRODUCT_NAME = "$(TARGET_NAME)";
				WRAPPER_EXTENSION = app;
			};
			name = Debug;
		};
		A91A2B061923E389000AA5C1 /* Release */ = {
			isa = XCBuildConfiguration;
			buildSettings = {
				ASSETCATALOG_COMPILER_APPICON_NAME = AppIcon;
				ASSETCATALOG_COMPILER_LAUNCHIMAGE_NAME = LaunchImage;
				GCC_PRECOMPILE_PREFIX_HEADER = YES;
				GCC_PREFIX_HEADER = "TicTacToe/TicTacToe-Prefix.pch";
				INFOPLIST_FILE = "TicTacToe/TicTacToe-Info.plist";
				PRODUCT_NAME = "$(TARGET_NAME)";
				WRAPPER_EXTENSION = app;
			};
			name = Release;
		};
		A91A2B081923E389000AA5C1 /* Debug */ = {
			isa = XCBuildConfiguration;
			buildSettings = {
				BUNDLE_LOADER = "$(BUILT_PRODUCTS_DIR)/TicTacToe.app/TicTacToe";
				FRAMEWORK_SEARCH_PATHS = (
					"$(SDKROOT)/Developer/Library/Frameworks",
					"$(inherited)",
					"$(DEVELOPER_FRAMEWORKS_DIR)",
				);
				GCC_PRECOMPILE_PREFIX_HEADER = YES;
				GCC_PREFIX_HEADER = "TicTacToe/TicTacToe-Prefix.pch";
				GCC_PREPROCESSOR_DEFINITIONS = (
					"DEBUG=1",
					"$(inherited)",
				);
				INFOPLIST_FILE = "TicTacToeTests/TicTacToeTests-Info.plist";
				PRODUCT_NAME = "$(TARGET_NAME)";
				TEST_HOST = "$(BUNDLE_LOADER)";
				WRAPPER_EXTENSION = xctest;
			};
			name = Debug;
		};
		A91A2B091923E389000AA5C1 /* Release */ = {
			isa = XCBuildConfiguration;
			buildSettings = {
				BUNDLE_LOADER = "$(BUILT_PRODUCTS_DIR)/TicTacToe.app/TicTacToe";
				FRAMEWORK_SEARCH_PATHS = (
					"$(SDKROOT)/Developer/Library/Frameworks",
					"$(inherited)",
					"$(DEVELOPER_FRAMEWORKS_DIR)",
				);
				GCC_PRECOMPILE_PREFIX_HEADER = YES;
				GCC_PREFIX_HEADER = "TicTacToe/TicTacToe-Prefix.pch";
				INFOPLIST_FILE = "TicTacToeTests/TicTacToeTests-Info.plist";
				PRODUCT_NAME = "$(TARGET_NAME)";
				TEST_HOST = "$(BUNDLE_LOADER)";
				WRAPPER_EXTENSION = xctest;
			};
			name = Release;
		};
/* End XCBuildConfiguration section */

/* Begin XCConfigurationList section */
		A91A2ACD1923E388000AA5C1 /* Build configuration list for PBXProject "TicTacToe" */ = {
			isa = XCConfigurationList;
			buildConfigurations = (
				A91A2B021923E389000AA5C1 /* Debug */,
				A91A2B031923E389000AA5C1 /* Release */,
			);
			defaultConfigurationIsVisible = 0;
			defaultConfigurationName = Release;
		};
		A91A2B041923E389000AA5C1 /* Build configuration list for PBXNativeTarget "TicTacToe" */ = {
			isa = XCConfigurationList;
			buildConfigurations = (
				A91A2B051923E389000AA5C1 /* Debug */,
				A91A2B061923E389000AA5C1 /* Release */,
			);
			defaultConfigurationIsVisible = 0;
		};
		A91A2B071923E389000AA5C1 /* Build configuration list for PBXNativeTarget "TicTacToeTests" */ = {
			isa = XCConfigurationList;
			buildConfigurations = (
				A91A2B081923E389000AA5C1 /* Debug */,
				A91A2B091923E389000AA5C1 /* Release */,
			);
			defaultConfigurationIsVisible = 0;
		};
/* End XCConfigurationList section */
	};
	rootObject = A91A2ACA1923E388000AA5C1 /* Project object */;
}
