// !$*UTF8*$!
{
	archiveVersion = 1;
	classes = {
	};
	objectVersion = 46;
	objects = {

/* Begin PBXBuildFile section */
		1299D58213C986BC00DC7044 /* UIKit.framework in Frameworks */ = {isa = PBXBuildFile; fileRef = 1299D58113C986BC00DC7044 /* UIKit.framework */; };
		1299D58413C986BC00DC7044 /* Foundation.framework in Frameworks */ = {isa = PBXBuildFile; fileRef = 1299D58313C986BC00DC7044 /* Foundation.framework */; };
		1299D58613C986BC00DC7044 /* CoreGraphics.framework in Frameworks */ = {isa = PBXBuildFile; fileRef = 1299D58513C986BC00DC7044 /* CoreGraphics.framework */; };
		1299D58C13C986BC00DC7044 /* InfoPlist.strings in Resources */ = {isa = PBXBuildFile; fileRef = 1299D58A13C986BC00DC7044 /* InfoPlist.strings */; };
		1299D58F13C986BC00DC7044 /* main.m in Sources */ = {isa = PBXBuildFile; fileRef = 1299D58E13C986BC00DC7044 /* main.m */; };
		1299D5A313C9874600DC7044 /* TicTacToe2AppDelegate.m in Sources */ = {isa = PBXBuildFile; fileRef = 1299D5A213C9874600DC7044 /* TicTacToe2AppDelegate.m */; };
		1299D5A613C987C200DC7044 /* SharedUtilities.m in Sources */ = {isa = PBXBuildFile; fileRef = 1299D5A513C987C200DC7044 /* SharedUtilities.m */; };
		1299D5A913C987F600DC7044 /* GameData.m in Sources */ = {isa = PBXBuildFile; fileRef = 1299D5A813C987F600DC7044 /* GameData.m */; };
		1299D5AC13C9883700DC7044 /* MainViewController.m in Sources */ = {isa = PBXBuildFile; fileRef = 1299D5AB13C9883700DC7044 /* MainViewController.m */; };
		1299D5AF13C988B900DC7044 /* IntroductionViewController.m in Sources */ = {isa = PBXBuildFile; fileRef = 1299D5AE13C988B800DC7044 /* IntroductionViewController.m */; };
		1299D5B213C988F500DC7044 /* GamePlayViewController.m in Sources */ = {isa = PBXBuildFile; fileRef = 1299D5B113C988F500DC7044 /* GamePlayViewController.m */; };
		1299D5B513C9892300DC7044 /* EndingViewController.m in Sources */ = {isa = PBXBuildFile; fileRef = 1299D5B413C9892300DC7044 /* EndingViewController.m */; };
		CE9354EB13CAC5DA00E2B02E /* checkWinData.m in Sources */ = {isa = PBXBuildFile; fileRef = CE9354EA13CAC5DA00E2B02E /* checkWinData.m */; };
/* End PBXBuildFile section */

/* Begin PBXFileReference section */
		1299D57D13C986BC00DC7044 /* TicTacToe2.app */ = {isa = PBXFileReference; explicitFileType = wrapper.application; includeInIndex = 0; path = TicTacToe2.app; sourceTree = BUILT_PRODUCTS_DIR; };
		1299D58113C986BC00DC7044 /* UIKit.framework */ = {isa = PBXFileReference; lastKnownFileType = wrapper.framework; name = UIKit.framework; path = System/Library/Frameworks/UIKit.framework; sourceTree = SDKROOT; };
		1299D58313C986BC00DC7044 /* Foundation.framework */ = {isa = PBXFileReference; lastKnownFileType = wrapper.framework; name = Foundation.framework; path = System/Library/Frameworks/Foundation.framework; sourceTree = SDKROOT; };
		1299D58513C986BC00DC7044 /* CoreGraphics.framework */ = {isa = PBXFileReference; lastKnownFileType = wrapper.framework; name = CoreGraphics.framework; path = System/Library/Frameworks/CoreGraphics.framework; sourceTree = SDKROOT; };
		1299D58913C986BC00DC7044 /* TicTacToe2-Info.plist */ = {isa = PBXFileReference; lastKnownFileType = text.plist.xml; path = "TicTacToe2-Info.plist"; sourceTree = "<group>"; };
		1299D58B13C986BC00DC7044 /* en */ = {isa = PBXFileReference; lastKnownFileType = text.plist.strings; name = en; path = en.lproj/InfoPlist.strings; sourceTree = "<group>"; };
		1299D58D13C986BC00DC7044 /* TicTacToe2-Prefix.pch */ = {isa = PBXFileReference; lastKnownFileType = sourcecode.c.h; path = "TicTacToe2-Prefix.pch"; sourceTree = "<group>"; };
		1299D58E13C986BC00DC7044 /* main.m */ = {isa = PBXFileReference; lastKnownFileType = sourcecode.c.objc; path = main.m; sourceTree = "<group>"; };
		1299D5A113C9874600DC7044 /* TicTacToe2AppDelegate.h */ = {isa = PBXFileReference; fileEncoding = 4; lastKnownFileType = sourcecode.c.h; path = TicTacToe2AppDelegate.h; sourceTree = "<group>"; };
		1299D5A213C9874600DC7044 /* TicTacToe2AppDelegate.m */ = {isa = PBXFileReference; fileEncoding = 4; lastKnownFileType = sourcecode.c.objc; path = TicTacToe2AppDelegate.m; sourceTree = "<group>"; };
		1299D5A413C987C200DC7044 /* SharedUtilities.h */ = {isa = PBXFileReference; fileEncoding = 4; lastKnownFileType = sourcecode.c.h; path = SharedUtilities.h; sourceTree = "<group>"; };
		1299D5A513C987C200DC7044 /* SharedUtilities.m */ = {isa = PBXFileReference; fileEncoding = 4; lastKnownFileType = sourcecode.c.objc; path = SharedUtilities.m; sourceTree = "<group>"; };
		1299D5A713C987F600DC7044 /* GameData.h */ = {isa = PBXFileReference; fileEncoding = 4; lastKnownFileType = sourcecode.c.h; path = GameData.h; sourceTree = "<group>"; };
		1299D5A813C987F600DC7044 /* GameData.m */ = {isa = PBXFileReference; fileEncoding = 4; lastKnownFileType = sourcecode.c.objc; path = GameData.m; sourceTree = "<group>"; };
		1299D5AA13C9883600DC7044 /* MainViewController.h */ = {isa = PBXFileReference; fileEncoding = 4; lastKnownFileType = sourcecode.c.h; path = MainViewController.h; sourceTree = "<group>"; };
		1299D5AB13C9883700DC7044 /* MainViewController.m */ = {isa = PBXFileReference; fileEncoding = 4; lastKnownFileType = sourcecode.c.objc; path = MainViewController.m; sourceTree = "<group>"; };
		1299D5AD13C988B800DC7044 /* IntroductionViewController.h */ = {isa = PBXFileReference; fileEncoding = 4; lastKnownFileType = sourcecode.c.h; path = IntroductionViewController.h; sourceTree = "<group>"; };
		1299D5AE13C988B800DC7044 /* IntroductionViewController.m */ = {isa = PBXFileReference; fileEncoding = 4; lastKnownFileType = sourcecode.c.objc; path = IntroductionViewController.m; sourceTree = "<group>"; };
		1299D5B013C988F500DC7044 /* GamePlayViewController.h */ = {isa = PBXFileReference; fileEncoding = 4; lastKnownFileType = sourcecode.c.h; path = GamePlayViewController.h; sourceTree = "<group>"; };
		1299D5B113C988F500DC7044 /* GamePlayViewController.m */ = {isa = PBXFileReference; fileEncoding = 4; lastKnownFileType = sourcecode.c.objc; path = GamePlayViewController.m; sourceTree = "<group>"; };
		1299D5B313C9892300DC7044 /* EndingViewController.h */ = {isa = PBXFileReference; fileEncoding = 4; lastKnownFileType = sourcecode.c.h; path = EndingViewController.h; sourceTree = "<group>"; };
		1299D5B413C9892300DC7044 /* EndingViewController.m */ = {isa = PBXFileReference; fileEncoding = 4; lastKnownFileType = sourcecode.c.objc; path = EndingViewController.m; sourceTree = "<group>"; };
		CE9354E913CAC5DA00E2B02E /* checkWinData.h */ = {isa = PBXFileReference; fileEncoding = 4; lastKnownFileType = sourcecode.c.h; path = checkWinData.h; sourceTree = "<group>"; };
		CE9354EA13CAC5DA00E2B02E /* checkWinData.m */ = {isa = PBXFileReference; fileEncoding = 4; lastKnownFileType = sourcecode.c.objc; path = checkWinData.m; sourceTree = "<group>"; };
/* End PBXFileReference section */

/* Begin PBXFrameworksBuildPhase section */
		1299D57A13C986BC00DC7044 /* Frameworks */ = {
			isa = PBXFrameworksBuildPhase;
			buildActionMask = 2147483647;
			files = (
				1299D58213C986BC00DC7044 /* UIKit.framework in Frameworks */,
				1299D58413C986BC00DC7044 /* Foundation.framework in Frameworks */,
				1299D58613C986BC00DC7044 /* CoreGraphics.framework in Frameworks */,
			);
			runOnlyForDeploymentPostprocessing = 0;
		};
/* End PBXFrameworksBuildPhase section */

/* Begin PBXGroup section */
		1299D57213C986BC00DC7044 = {
			isa = PBXGroup;
			children = (
				1299D58713C986BC00DC7044 /* TicTacToe2 */,
				1299D58013C986BC00DC7044 /* Frameworks */,
				1299D57E13C986BC00DC7044 /* Products */,
			);
			sourceTree = "<group>";
		};
		1299D57E13C986BC00DC7044 /* Products */ = {
			isa = PBXGroup;
			children = (
				1299D57D13C986BC00DC7044 /* TicTacToe2.app */,
			);
			name = Products;
			sourceTree = "<group>";
		};
		1299D58013C986BC00DC7044 /* Frameworks */ = {
			isa = PBXGroup;
			children = (
				1299D58113C986BC00DC7044 /* UIKit.framework */,
				1299D58313C986BC00DC7044 /* Foundation.framework */,
				1299D58513C986BC00DC7044 /* CoreGraphics.framework */,
			);
			name = Frameworks;
			sourceTree = "<group>";
		};
		1299D58713C986BC00DC7044 /* TicTacToe2 */ = {
			isa = PBXGroup;
			children = (
				1299D58813C986BC00DC7044 /* Supporting Files */,
				1299D5A113C9874600DC7044 /* TicTacToe2AppDelegate.h */,
				1299D5A213C9874600DC7044 /* TicTacToe2AppDelegate.m */,
				1299D5A413C987C200DC7044 /* SharedUtilities.h */,
				1299D5A513C987C200DC7044 /* SharedUtilities.m */,
				1299D5A713C987F600DC7044 /* GameData.h */,
				1299D5A813C987F600DC7044 /* GameData.m */,
				1299D5AA13C9883600DC7044 /* MainViewController.h */,
				1299D5AB13C9883700DC7044 /* MainViewController.m */,
				1299D5AD13C988B800DC7044 /* IntroductionViewController.h */,
				1299D5AE13C988B800DC7044 /* IntroductionViewController.m */,
				1299D5B013C988F500DC7044 /* GamePlayViewController.h */,
				1299D5B113C988F500DC7044 /* GamePlayViewController.m */,
				1299D5B313C9892300DC7044 /* EndingViewController.h */,
				1299D5B413C9892300DC7044 /* EndingViewController.m */,
				CE9354E913CAC5DA00E2B02E /* checkWinData.h */,
				CE9354EA13CAC5DA00E2B02E /* checkWinData.m */,
			);
			path = TicTacToe2;
			sourceTree = "<group>";
		};
		1299D58813C986BC00DC7044 /* Supporting Files */ = {
			isa = PBXGroup;
			children = (
				1299D58913C986BC00DC7044 /* TicTacToe2-Info.plist */,
				1299D58A13C986BC00DC7044 /* InfoPlist.strings */,
				1299D58D13C986BC00DC7044 /* TicTacToe2-Prefix.pch */,
				1299D58E13C986BC00DC7044 /* main.m */,
			);
			name = "Supporting Files";
			sourceTree = "<group>";
		};
/* End PBXGroup section */

/* Begin PBXNativeTarget section */
		1299D57C13C986BC00DC7044 /* TicTacToe2 */ = {
			isa = PBXNativeTarget;
			buildConfigurationList = 1299D59E13C986BC00DC7044 /* Build configuration list for PBXNativeTarget "TicTacToe2" */;
			buildPhases = (
				1299D57913C986BC00DC7044 /* Sources */,
				1299D57A13C986BC00DC7044 /* Frameworks */,
				1299D57B13C986BC00DC7044 /* Resources */,
			);
			buildRules = (
			);
			dependencies = (
			);
			name = TicTacToe2;
			productName = TicTacToe2;
			productReference = 1299D57D13C986BC00DC7044 /* TicTacToe2.app */;
			productType = "com.apple.product-type.application";
		};
/* End PBXNativeTarget section */

/* Begin PBXProject section */
		1299D57413C986BC00DC7044 /* Project object */ = {
			isa = PBXProject;
			attributes = {
				LastUpgradeCheck = 0510;
				ORGANIZATIONNAME = q;
			};
			buildConfigurationList = 1299D57713C986BC00DC7044 /* Build configuration list for PBXProject "TicTacToe2" */;
			compatibilityVersion = "Xcode 3.2";
			developmentRegion = English;
			hasScannedForEncodings = 0;
			knownRegions = (
				en,
			);
			mainGroup = 1299D57213C986BC00DC7044;
			productRefGroup = 1299D57E13C986BC00DC7044 /* Products */;
			projectDirPath = "";
			projectRoot = "";
			targets = (
				1299D57C13C986BC00DC7044 /* TicTacToe2 */,
			);
		};
/* End PBXProject section */

/* Begin PBXResourcesBuildPhase section */
		1299D57B13C986BC00DC7044 /* Resources */ = {
			isa = PBXResourcesBuildPhase;
			buildActionMask = 2147483647;
			files = (
				1299D58C13C986BC00DC7044 /* InfoPlist.strings in Resources */,
			);
			runOnlyForDeploymentPostprocessing = 0;
		};
/* End PBXResourcesBuildPhase section */

/* Begin PBXSourcesBuildPhase section */
		1299D57913C986BC00DC7044 /* Sources */ = {
			isa = PBXSourcesBuildPhase;
			buildActionMask = 2147483647;
			files = (
				1299D58F13C986BC00DC7044 /* main.m in Sources */,
				1299D5A313C9874600DC7044 /* TicTacToe2AppDelegate.m in Sources */,
				1299D5A613C987C200DC7044 /* SharedUtilities.m in Sources */,
				1299D5A913C987F600DC7044 /* GameData.m in Sources */,
				1299D5AC13C9883700DC7044 /* MainViewController.m in Sources */,
				1299D5AF13C988B900DC7044 /* IntroductionViewController.m in Sources */,
				1299D5B213C988F500DC7044 /* GamePlayViewController.m in Sources */,
				1299D5B513C9892300DC7044 /* EndingViewController.m in Sources */,
				CE9354EB13CAC5DA00E2B02E /* checkWinData.m in Sources */,
			);
			runOnlyForDeploymentPostprocessing = 0;
		};
/* End PBXSourcesBuildPhase section */

/* Begin PBXVariantGroup section */
		1299D58A13C986BC00DC7044 /* InfoPlist.strings */ = {
			isa = PBXVariantGroup;
			children = (
				1299D58B13C986BC00DC7044 /* en */,
			);
			name = InfoPlist.strings;
			sourceTree = "<group>";
		};
/* End PBXVariantGroup section */

/* Begin XCBuildConfiguration section */
		1299D59C13C986BC00DC7044 /* Debug */ = {
			isa = XCBuildConfiguration;
			buildSettings = {
				"CODE_SIGN_IDENTITY[sdk=iphoneos*]" = "iPhone Developer";
				GCC_C_LANGUAGE_STANDARD = gnu99;
				GCC_OPTIMIZATION_LEVEL = 0;
				GCC_PREPROCESSOR_DEFINITIONS = DEBUG;
				GCC_SYMBOLS_PRIVATE_EXTERN = NO;
				GCC_VERSION = com.apple.compilers.llvmgcc42;
				GCC_WARN_ABOUT_RETURN_TYPE = YES;
				GCC_WARN_UNUSED_VARIABLE = YES;
				IPHONEOS_DEPLOYMENT_TARGET = 7.0;
				ONLY_ACTIVE_ARCH = YES;
				SDKROOT = iphoneos;
			};
			name = Debug;
		};
		1299D59D13C986BC00DC7044 /* Release */ = {
			isa = XCBuildConfiguration;
			buildSettings = {
				"CODE_SIGN_IDENTITY[sdk=iphoneos*]" = "iPhone Developer";
				GCC_C_LANGUAGE_STANDARD = gnu99;
				GCC_VERSION = com.apple.compilers.llvmgcc42;
				GCC_WARN_ABOUT_RETURN_TYPE = YES;
				GCC_WARN_UNUSED_VARIABLE = YES;
				IPHONEOS_DEPLOYMENT_TARGET = 7.0;
				OTHER_CFLAGS = "-DNS_BLOCK_ASSERTIONS=1";
				SDKROOT = iphoneos;
			};
			name = Release;
		};
		1299D59F13C986BC00DC7044 /* Debug */ = {
			isa = XCBuildConfiguration;
			buildSettings = {
				ALWAYS_SEARCH_USER_PATHS = NO;
				COPY_PHASE_STRIP = NO;
				GCC_DYNAMIC_NO_PIC = NO;
				GCC_PRECOMPILE_PREFIX_HEADER = YES;
				GCC_PREFIX_HEADER = "TicTacToe2/TicTacToe2-Prefix.pch";
				GCC_VERSION = com.apple.compilers.llvm.clang.1_0;
				INFOPLIST_FILE = "TicTacToe2/TicTacToe2-Info.plist";
				PRODUCT_NAME = "$(TARGET_NAME)";
				WRAPPER_EXTENSION = app;
			};
			name = Debug;
		};
		1299D5A013C986BC00DC7044 /* Release */ = {
			isa = XCBuildConfiguration;
			buildSettings = {
				ALWAYS_SEARCH_USER_PATHS = NO;
				COPY_PHASE_STRIP = YES;
				GCC_PRECOMPILE_PREFIX_HEADER = YES;
				GCC_PREFIX_HEADER = "TicTacToe2/TicTacToe2-Prefix.pch";
				GCC_VERSION = com.apple.compilers.llvm.clang.1_0;
				INFOPLIST_FILE = "TicTacToe2/TicTacToe2-Info.plist";
				PRODUCT_NAME = "$(TARGET_NAME)";
				VALIDATE_PRODUCT = YES;
				WRAPPER_EXTENSION = app;
			};
			name = Release;
		};
/* End XCBuildConfiguration section */

/* Begin XCConfigurationList section */
		1299D57713C986BC00DC7044 /* Build configuration list for PBXProject "TicTacToe2" */ = {
			isa = XCConfigurationList;
			buildConfigurations = (
				1299D59C13C986BC00DC7044 /* Debug */,
				1299D59D13C986BC00DC7044 /* Release */,
			);
			defaultConfigurationIsVisible = 0;
			defaultConfigurationName = Release;
		};
		1299D59E13C986BC00DC7044 /* Build configuration list for PBXNativeTarget "TicTacToe2" */ = {
			isa = XCConfigurationList;
			buildConfigurations = (
				1299D59F13C986BC00DC7044 /* Debug */,
				1299D5A013C986BC00DC7044 /* Release */,
			);
			defaultConfigurationIsVisible = 0;
			defaultConfigurationName = Release;
		};
/* End XCConfigurationList section */
	};
	rootObject = 1299D57413C986BC00DC7044 /* Project object */;
}
